
Microsoft Visual Studio Solution File, Format Version 12.00
# Visual Studio Version 16
VisualStudioVersion = 16.0.29001.49
MinimumVisualStudioVersion = 10.0.40219.1
Project("{9A19103F-16F7-4668-BE54-9A1E7A4F7556}") = "HSaaS.Domain.Shared", "src\HSaaS.Domain.Shared\HSaaS.Domain.Shared.csproj", "{D64C1577-4929-4B60-939E-96DE1534891A}"
EndProject
Project("{9A19103F-16F7-4668-BE54-9A1E7A4F7556}") = "HSaaS.Domain", "src\HSaaS.Domain\HSaaS.Domain.csproj", "{F2840BC7-0188-4606-9126-DADD0F5ABF7A}"
EndProject
Project("{9A19103F-16F7-4668-BE54-9A1E7A4F7556}") = "HSaaS.Application.Contracts", "src\HSaaS.Application.Contracts\HSaaS.Application.Contracts.csproj", "{BD65D04F-08D5-40C1-8C24-77CA0BACB877}"
EndProject
Project("{9A19103F-16F7-4668-BE54-9A1E7A4F7556}") = "HSaaS.Application", "src\HSaaS.Application\HSaaS.Application.csproj", "{78040F9E-3501-4A40-82DF-00A597710F35}"
EndProject
Project("{2150E333-8FDC-42A3-9474-1A3956D46DE8}") = "src", "src", "{649A3FFA-182F-4E56-9717-E6A9A2BEC545}"
EndProject
Project("{2150E333-8FDC-42A3-9474-1A3956D46DE8}") = "test", "test", "{CCD2960C-23CC-4AB4-B84D-60C7AAA52F4D}"
EndProject
Project("{2150E333-8FDC-42A3-9474-1A3956D46DE8}") = "microservices", "microservices", "{E400416D-2895-4512-9D17-90681EEC7E0A}"
EndProject
Project("{9A19103F-16F7-4668-BE54-9A1E7A4F7556}") = "HSaaS.EntityFrameworkCore", "src\HSaaS.EntityFrameworkCore\HSaaS.EntityFrameworkCore.csproj", "{0CE86223-D31D-4315-A1F5-87BA3EE1B844}"
EndProject
Project("{9A19103F-16F7-4668-BE54-9A1E7A4F7556}") = "HSaaS.MongoDB", "src\HSaaS.MongoDB\HSaaS.MongoDB.csproj", "{F1C58097-4C08-4D88-8976-6B3389391481}"
EndProject
Project("{9A19103F-16F7-4668-BE54-9A1E7A4F7556}") = "HSaaS.HttpApi", "src\HSaaS.HttpApi\HSaaS.HttpApi.csproj", "{077AA5F8-8B61-420C-A6B5-0150A66FDB34}"
EndProject
Project("{9A19103F-16F7-4668-BE54-9A1E7A4F7556}") = "HSaaS.HttpApi.Client", "src\HSaaS.HttpApi.Client\HSaaS.HttpApi.Client.csproj", "{36E2735F-CEAB-44C8-A6D1-2CDAFF399751}"
EndProject
Project("{9A19103F-16F7-4668-BE54-9A1E7A4F7556}") = "HSaaS.TestBase", "test\HSaaS.TestBase\HSaaS.TestBase.csproj", "{C5BB573D-3030-4BCB-88B7-F6A85C32766C}"
EndProject
Project("{9A19103F-16F7-4668-BE54-9A1E7A4F7556}") = "HSaaS.EntityFrameworkCore.Tests", "test\HSaaS.EntityFrameworkCore.Tests\HSaaS.EntityFrameworkCore.Tests.csproj", "{527F645C-C1FC-406E-8479-81386C8ECF13}"
EndProject
Project("{9A19103F-16F7-4668-BE54-9A1E7A4F7556}") = "HSaaS.MongoDB.Tests", "test\HSaaS.MongoDB.Tests\HSaaS.MongoDB.Tests.csproj", "{D0AD9179-125C-40B2-A8EE-CD4C1EE24BB6}"
EndProject
Project("{9A19103F-16F7-4668-BE54-9A1E7A4F7556}") = "HSaaS.Domain.Tests", "test\HSaaS.Domain.Tests\HSaaS.Domain.Tests.csproj", "{E60895E5-79C4-447D-88B7-85CB5BA336A4}"
EndProject
Project("{9A19103F-16F7-4668-BE54-9A1E7A4F7556}") = "HSaaS.Application.Tests", "test\HSaaS.Application.Tests\HSaaS.Application.Tests.csproj", "{90CB5DC4-C040-45C7-8900-9688B26405BC}"
EndProject
Project("{9A19103F-16F7-4668-BE54-9A1E7A4F7556}") = "HSaaS.Web", "src\HSaaS.Web\HSaaS.Web.csproj", "{3B7B6317-1B85-4164-8E11-75574F80AE17}"
EndProject
Project("{9A19103F-16F7-4668-BE54-9A1E7A4F7556}") = "HSaaS.HttpApi.Client.ConsoleTestApp", "test\HSaaS.HttpApi.Client.ConsoleTestApp\HSaaS.HttpApi.Client.ConsoleTestApp.csproj", "{1EDCD6D4-DF3A-4E3B-ABB6-C0D0B373EAB8}"
EndProject
Project("{9A19103F-16F7-4668-BE54-9A1E7A4F7556}") = "HSaaS.IdentityServer", "applications\HSaaS.IdentityServer\HSaaS.IdentityServer.csproj", "{690203F4-3CD5-4569-88D9-EE831EEA5F5F}"
EndProject
Project("{9A19103F-16F7-4668-BE54-9A1E7A4F7556}") = "HSaaS.Blazor", "src\HSaaS.Blazor\HSaaS.Blazor.csproj", "{827FCC18-A22B-4175-82CD-1233F6DEE8FB}"
EndProject
Project("{9A19103F-16F7-4668-BE54-9A1E7A4F7556}") = "HSaaS.Blazor.Server", "src\HSaaS.Blazor.Server\HSaaS.Blazor.Server.csproj", "{299BE52E-823F-408E-9C6D-7E2F81BA34FF}"
EndProject
Project("{9A19103F-16F7-4668-BE54-9A1E7A4F7556}") = "HSaaS.Blazor.WebAssembly", "src\HSaaS.Blazor.WebAssembly\HSaaS.Blazor.WebAssembly.csproj", "{F0EE5760-262D-456A-AA7C-E84F484A05F6}"
EndProject
Project("{2150E333-8FDC-42A3-9474-1A3956D46DE8}") = "module", "module", "{4BE5A4A2-450F-4D45-9521-78D4FFAF5F2A}"
EndProject
Project("{2150E333-8FDC-42A3-9474-1A3956D46DE8}") = "master-data", "master-data", "{0A9A9D00-E06C-4F17-9E56-CB16B7D74FF0}"
EndProject
Project("{9A19103F-16F7-4668-BE54-9A1E7A4F7556}") = "MasterData.Web", "modules\master-data\src\MasterData.Web\MasterData.Web.csproj", "{56B747ED-C803-43DA-8910-3F6B698B9665}"
EndProject
Project("{9A19103F-16F7-4668-BE54-9A1E7A4F7556}") = "MasterData.MongoDB", "modules\master-data\src\MasterData.MongoDB\MasterData.MongoDB.csproj", "{14AEB2C8-A1BB-42C9-B205-9BD45F51130F}"
EndProject
Project("{9A19103F-16F7-4668-BE54-9A1E7A4F7556}") = "MasterData.HttpApi.Client", "modules\master-data\src\MasterData.HttpApi.Client\MasterData.HttpApi.Client.csproj", "{BEDB2C71-4917-461D-91A2-294B9EE4500B}"
EndProject
Project("{9A19103F-16F7-4668-BE54-9A1E7A4F7556}") = "MasterData.HttpApi", "modules\master-data\src\MasterData.HttpApi\MasterData.HttpApi.csproj", "{2F5411ED-B745-4D3A-972F-3BA0D7E731A5}"
EndProject
Project("{9A19103F-16F7-4668-BE54-9A1E7A4F7556}") = "MasterData.EntityFrameworkCore", "modules\master-data\src\MasterData.EntityFrameworkCore\MasterData.EntityFrameworkCore.csproj", "{D1485868-2BF7-4522-8D8F-051892BFF62F}"
EndProject
Project("{9A19103F-16F7-4668-BE54-9A1E7A4F7556}") = "MasterData.Domain.Shared", "modules\master-data\src\MasterData.Domain.Shared\MasterData.Domain.Shared.csproj", "{2EBFBB6E-A534-4079-873D-614CAA6D7A51}"
EndProject
Project("{9A19103F-16F7-4668-BE54-9A1E7A4F7556}") = "MasterData.Domain", "modules\master-data\src\MasterData.Domain\MasterData.Domain.csproj", "{FEF93ADB-E2B3-4E90-B9AD-5065877F7890}"
EndProject
Project("{9A19103F-16F7-4668-BE54-9A1E7A4F7556}") = "MasterData.Application.Contracts", "modules\master-data\src\MasterData.Application.Contracts\MasterData.Application.Contracts.csproj", "{0742B5D2-7A0F-40FD-98CC-AE010E7C67C6}"
EndProject
Project("{9A19103F-16F7-4668-BE54-9A1E7A4F7556}") = "MasterData.Application", "modules\master-data\src\MasterData.Application\MasterData.Application.csproj", "{6465420D-A613-42EA-8775-24683EF12776}"
EndProject
Project("{2150E333-8FDC-42A3-9474-1A3956D46DE8}") = "themes", "themes", "{F1B143D9-F96C-4CA5-BF5A-3BE559EA7091}"
EndProject
Project("{9A19103F-16F7-4668-BE54-9A1E7A4F7556}") = "Abp.AspNetCore.Mvc.UI.Theme.AdminLTE", "themes\Abp.AspNetCore.Mvc.UI.Theme.AdminLTE\Abp.AspNetCore.Mvc.UI.Theme.AdminLTE.csproj", "{CE23A2F0-C5F6-43DC-9E46-32B0552A126C}"
EndProject
Project("{2150E333-8FDC-42A3-9474-1A3956D46DE8}") = "account", "account", "{84242A3C-A425-4F3B-B7F9-F72A831749C4}"
EndProject
Project("{9A19103F-16F7-4668-BE54-9A1E7A4F7556}") = "HSaaS.Account.Application", "modules\account\src\HSaaS.Account.Application\HSaaS.Account.Application.csproj", "{97EFDA92-3D9E-4A84-8D7E-BC8659FF1163}"
EndProject
Project("{9A19103F-16F7-4668-BE54-9A1E7A4F7556}") = "HSaaS.Account.Application.Contracts", "modules\account\src\HSaaS.Account.Application.Contracts\HSaaS.Account.Application.Contracts.csproj", "{5A77268F-70DE-4AB7-926C-EE7C9BE63974}"
EndProject
Project("{9A19103F-16F7-4668-BE54-9A1E7A4F7556}") = "HSaaS.Account.Domain", "modules\account\src\HSaaS.Account.Domain\HSaaS.Account.Domain.csproj", "{2EF9B6C3-475A-4A4F-92BB-27CEE949CDF8}"
EndProject
Project("{9A19103F-16F7-4668-BE54-9A1E7A4F7556}") = "HSaaS.Account.Domain.Shared", "modules\account\src\HSaaS.Account.Domain.Shared\HSaaS.Account.Domain.Shared.csproj", "{FCE3B8D4-EF47-46FB-A18E-1EB06B252CC5}"
EndProject
Project("{9A19103F-16F7-4668-BE54-9A1E7A4F7556}") = "HSaaS.Account.EntityFrameworkCore", "modules\account\src\HSaaS.Account.EntityFrameworkCore\HSaaS.Account.EntityFrameworkCore.csproj", "{A989B35E-3D19-45BB-BB36-9FF3A0123F33}"
EndProject
Project("{9A19103F-16F7-4668-BE54-9A1E7A4F7556}") = "HSaaS.Account.HttpApi", "modules\account\src\HSaaS.Account.HttpApi\HSaaS.Account.HttpApi.csproj", "{5D007267-DDC5-460A-99BD-80468D4121C1}"
EndProject
Project("{9A19103F-16F7-4668-BE54-9A1E7A4F7556}") = "HSaaS.Account.HttpApi.Client", "modules\account\src\HSaaS.Account.HttpApi.Client\HSaaS.Account.HttpApi.Client.csproj", "{AEE00976-7F6D-4448-AAA6-152A634ECA36}"
EndProject
Project("{9A19103F-16F7-4668-BE54-9A1E7A4F7556}") = "HSaaS.Account.MongoDB", "modules\account\src\HSaaS.Account.MongoDB\HSaaS.Account.MongoDB.csproj", "{3499F249-91B4-4194-BFE8-6854FEC8AD91}"
EndProject
Project("{9A19103F-16F7-4668-BE54-9A1E7A4F7556}") = "HSaaS.Account.Web", "modules\account\src\HSaaS.Account.Web\HSaaS.Account.Web.csproj", "{761E7B01-E596-4E71-9DDF-68E19C5CA753}"
EndProject
Project("{9A19103F-16F7-4668-BE54-9A1E7A4F7556}") = "HSaaS.Account.Web.IdentityServer", "modules\account\src\HSaaS.Account.Web.IdentityServer\HSaaS.Account.Web.IdentityServer.csproj", "{83E950E4-88C9-44AC-911B-9C060EA6B257}"
EndProject
Project("{2150E333-8FDC-42A3-9474-1A3956D46DE8}") = "document-management", "document-management", "{A9D86614-9713-422B-91DC-58B4749DF68E}"
EndProject
Project("{2150E333-8FDC-42A3-9474-1A3956D46DE8}") = "gateways", "gateways", "{6428E0D8-C1AF-4C83-811E-483E35197A07}"
EndProject
Project("{2150E333-8FDC-42A3-9474-1A3956D46DE8}") = "master-data", "master-data", "{509D7E0A-608C-48E2-A632-38717DFE8F3A}"
EndProject
Project("{9A19103F-16F7-4668-BE54-9A1E7A4F7556}") = "MasterData.HttpApi.Host", "microservices\MasterData.HttpApi.Host\MasterData.HttpApi.Host.csproj", "{AB5E149F-73E1-455E-A416-EAD8AC42B818}"
EndProject
Project("{9A19103F-16F7-4668-BE54-9A1E7A4F7556}") = "MasterData.Host.Shared", "microservices\MasterData.Host.Shared\MasterData.Host.Shared.csproj", "{AB6D5EAF-68D0-42E0-9C31-138325953CD0}"
EndProject
Project("{9A19103F-16F7-4668-BE54-9A1E7A4F7556}") = "DocumentManagement.Application", "modules\document-management\src\DocumentManagement.Application\DocumentManagement.Application.csproj", "{A1B1FB10-8F54-46BF-8B1E-B9B190611F3E}"
EndProject
Project("{9A19103F-16F7-4668-BE54-9A1E7A4F7556}") = "DocumentManagement.Application.Contracts", "modules\document-management\src\DocumentManagement.Application.Contracts\DocumentManagement.Application.Contracts.csproj", "{D792AE62-F197-4F28-AEAF-F94F632F81C5}"
EndProject
Project("{9A19103F-16F7-4668-BE54-9A1E7A4F7556}") = "DocumentManagement.Domain", "modules\document-management\src\DocumentManagement.Domain\DocumentManagement.Domain.csproj", "{FFDE468D-37DB-49BF-9F59-C1160594F116}"
EndProject
Project("{9A19103F-16F7-4668-BE54-9A1E7A4F7556}") = "DocumentManagement.Domain.Shared", "modules\document-management\src\DocumentManagement.Domain.Shared\DocumentManagement.Domain.Shared.csproj", "{29B9CC78-4C75-406A-A5CD-79FA892A6C2F}"
EndProject
Project("{9A19103F-16F7-4668-BE54-9A1E7A4F7556}") = "DocumentManagement.EntityFrameworkCore", "modules\document-management\src\DocumentManagement.EntityFrameworkCore\DocumentManagement.EntityFrameworkCore.csproj", "{4F179D59-F97E-4CEC-B2B7-9E08DE0F49CD}"
EndProject
Project("{9A19103F-16F7-4668-BE54-9A1E7A4F7556}") = "DocumentManagement.HttpApi", "modules\document-management\src\DocumentManagement.HttpApi\DocumentManagement.HttpApi.csproj", "{C5CC9293-1B19-4696-BE44-66B24AA31F86}"
EndProject
Project("{9A19103F-16F7-4668-BE54-9A1E7A4F7556}") = "DocumentManagement.HttpApi.Client", "modules\document-management\src\DocumentManagement.HttpApi.Client\DocumentManagement.HttpApi.Client.csproj", "{298099FD-8626-4FFD-9E5F-C0BE4F882B8B}"
EndProject
Project("{9A19103F-16F7-4668-BE54-9A1E7A4F7556}") = "DocumentManagement.Web", "modules\document-management\src\DocumentManagement.Web\DocumentManagement.Web.csproj", "{3F3FF577-C32C-4482-B17F-F9631AFB939B}"
EndProject
Project("{2150E333-8FDC-42A3-9474-1A3956D46DE8}") = "document-management", "document-management", "{D3A5D804-A7FC-4DC9-AB80-6E2B58316E3A}"
EndProject
Project("{9A19103F-16F7-4668-BE54-9A1E7A4F7556}") = "DocumentManagement.HttpApi.Host", "microservices\DocumentManagement.HttpApi.Host\DocumentManagement.HttpApi.Host.csproj", "{20259370-748B-47EE-938B-32D2D09427A0}"
EndProject
Project("{9A19103F-16F7-4668-BE54-9A1E7A4F7556}") = "DocumentManagement.Host.Shared", "microservices\DocumentManagement.Host.Shared\DocumentManagement.Host.Shared.csproj", "{6950860A-FF31-4DF0-B6D2-F7717819C998}"
EndProject
Project("{2150E333-8FDC-42A3-9474-1A3956D46DE8}") = "applications", "applications", "{12B5B75E-0406-4A9B-9890-888A93AD07F5}"
EndProject
Project("{2150E333-8FDC-42A3-9474-1A3956D46DE8}") = "identity-service", "identity-service", "{70E9C231-0222-472E-B2BA-27B6F68E8AC9}"
EndProject
Project("{9A19103F-16F7-4668-BE54-9A1E7A4F7556}") = "IdentityService.Host", "microservices\IdentityService.Host\IdentityService.Host.csproj", "{B2E9391C-01AE-4E6F-B404-CE848BF43706}"
EndProject
Project("{2150E333-8FDC-42A3-9474-1A3956D46DE8}") = "shared", "shared", "{FB5D5017-75C5-490D-8AAD-8E067A1A90EA}"
EndProject
Project("{9A19103F-16F7-4668-BE54-9A1E7A4F7556}") = "HSaaS.Host.Shared", "shared\HSaaS.Host.Shared\HSaaS.Host.Shared.csproj", "{F4EEC547-AE28-4D89-91AC-E36545338CF4}"
EndProject
Project("{2150E333-8FDC-42A3-9474-1A3956D46DE8}") = "tenant-management", "tenant-management", "{0FBF7B7A-4A9B-4438-A68B-9E9D84342F1E}"
EndProject
Project("{9A19103F-16F7-4668-BE54-9A1E7A4F7556}") = "TenantManagementService.Host", "microservices\TenantManagementService.Host\TenantManagementService.Host.csproj", "{29F84A4A-6315-41C6-9081-FF00BA38115C}"
EndProject
Project("{9A19103F-16F7-4668-BE54-9A1E7A4F7556}") = "BackendAdminApp.Host", "applications\BackendAdminApp.Host\BackendAdminApp.Host.csproj", "{0A60866B-A96F-48A8-BFA5-43BAE1ED4DAB}"
EndProject
Project("{2150E333-8FDC-42A3-9474-1A3956D46DE8}") = "blogging-service", "blogging-service", "{F62093D6-E397-4543-8D0D-260D1FBD1502}"
EndProject
Project("{9A19103F-16F7-4668-BE54-9A1E7A4F7556}") = "BloggingService.Host", "microservices\BloggingService.Host\BloggingService.Host.csproj", "{D4CC42AE-C84D-4F29-A5E9-5DDA0992B523}"
EndProject
Project("{9A19103F-16F7-4668-BE54-9A1E7A4F7556}") = "PublicWebSite.Host", "applications\PublicWebSite.Host\PublicWebSite.Host.csproj", "{95032791-76EA-4782-B37A-03612EEFA785}"
EndProject
Project("{9A19103F-16F7-4668-BE54-9A1E7A4F7556}") = "BackendAdminApp.Shared", "shared\BackendAdminApp.Shared\BackendAdminApp.Shared.csproj", "{52B3370A-1D33-4742-BFD9-234612EBCF40}"
EndProject
Project("{9A19103F-16F7-4668-BE54-9A1E7A4F7556}") = "BackendAdminAppGateway.Host", "gateways\BackendAdminAppGateway.Host\BackendAdminAppGateway.Host.csproj", "{F17F3691-E969-47F2-8A7F-7E8866C02716}"
EndProject
Project("{9A19103F-16F7-4668-BE54-9A1E7A4F7556}") = "InternalGateway.Host", "gateways\InternalGateway.Host\InternalGateway.Host.csproj", "{10413C5C-E148-46F4-ACAD-DEE8C903BB35}"
EndProject
Project("{9A19103F-16F7-4668-BE54-9A1E7A4F7556}") = "PublicWebSiteGateway.Host", "gateways\PublicWebSiteGateway.Host\PublicWebSiteGateway.Host.csproj", "{D1C1BD91-17CF-4843-943C-3D6B5F2B9D5A}"
EndProject
Global
	GlobalSection(SolutionConfigurationPlatforms) = preSolution
		Debug|Any CPU = Debug|Any CPU
		Release|Any CPU = Release|Any CPU
	EndGlobalSection
	GlobalSection(ProjectConfigurationPlatforms) = postSolution
		{D64C1577-4929-4B60-939E-96DE1534891A}.Debug|Any CPU.ActiveCfg = Debug|Any CPU
		{D64C1577-4929-4B60-939E-96DE1534891A}.Debug|Any CPU.Build.0 = Debug|Any CPU
		{D64C1577-4929-4B60-939E-96DE1534891A}.Release|Any CPU.ActiveCfg = Release|Any CPU
		{D64C1577-4929-4B60-939E-96DE1534891A}.Release|Any CPU.Build.0 = Release|Any CPU
		{F2840BC7-0188-4606-9126-DADD0F5ABF7A}.Debug|Any CPU.ActiveCfg = Debug|Any CPU
		{F2840BC7-0188-4606-9126-DADD0F5ABF7A}.Debug|Any CPU.Build.0 = Debug|Any CPU
		{F2840BC7-0188-4606-9126-DADD0F5ABF7A}.Release|Any CPU.ActiveCfg = Release|Any CPU
		{F2840BC7-0188-4606-9126-DADD0F5ABF7A}.Release|Any CPU.Build.0 = Release|Any CPU
		{BD65D04F-08D5-40C1-8C24-77CA0BACB877}.Debug|Any CPU.ActiveCfg = Debug|Any CPU
		{BD65D04F-08D5-40C1-8C24-77CA0BACB877}.Debug|Any CPU.Build.0 = Debug|Any CPU
		{BD65D04F-08D5-40C1-8C24-77CA0BACB877}.Release|Any CPU.ActiveCfg = Release|Any CPU
		{BD65D04F-08D5-40C1-8C24-77CA0BACB877}.Release|Any CPU.Build.0 = Release|Any CPU
		{78040F9E-3501-4A40-82DF-00A597710F35}.Debug|Any CPU.ActiveCfg = Debug|Any CPU
		{78040F9E-3501-4A40-82DF-00A597710F35}.Debug|Any CPU.Build.0 = Debug|Any CPU
		{78040F9E-3501-4A40-82DF-00A597710F35}.Release|Any CPU.ActiveCfg = Release|Any CPU
		{78040F9E-3501-4A40-82DF-00A597710F35}.Release|Any CPU.Build.0 = Release|Any CPU
		{0CE86223-D31D-4315-A1F5-87BA3EE1B844}.Debug|Any CPU.ActiveCfg = Debug|Any CPU
		{0CE86223-D31D-4315-A1F5-87BA3EE1B844}.Debug|Any CPU.Build.0 = Debug|Any CPU
		{0CE86223-D31D-4315-A1F5-87BA3EE1B844}.Release|Any CPU.ActiveCfg = Release|Any CPU
		{0CE86223-D31D-4315-A1F5-87BA3EE1B844}.Release|Any CPU.Build.0 = Release|Any CPU
		{F1C58097-4C08-4D88-8976-6B3389391481}.Debug|Any CPU.ActiveCfg = Debug|Any CPU
		{F1C58097-4C08-4D88-8976-6B3389391481}.Debug|Any CPU.Build.0 = Debug|Any CPU
		{F1C58097-4C08-4D88-8976-6B3389391481}.Release|Any CPU.ActiveCfg = Release|Any CPU
		{F1C58097-4C08-4D88-8976-6B3389391481}.Release|Any CPU.Build.0 = Release|Any CPU
		{077AA5F8-8B61-420C-A6B5-0150A66FDB34}.Debug|Any CPU.ActiveCfg = Debug|Any CPU
		{077AA5F8-8B61-420C-A6B5-0150A66FDB34}.Debug|Any CPU.Build.0 = Debug|Any CPU
		{077AA5F8-8B61-420C-A6B5-0150A66FDB34}.Release|Any CPU.ActiveCfg = Release|Any CPU
		{077AA5F8-8B61-420C-A6B5-0150A66FDB34}.Release|Any CPU.Build.0 = Release|Any CPU
		{36E2735F-CEAB-44C8-A6D1-2CDAFF399751}.Debug|Any CPU.ActiveCfg = Debug|Any CPU
		{36E2735F-CEAB-44C8-A6D1-2CDAFF399751}.Debug|Any CPU.Build.0 = Debug|Any CPU
		{36E2735F-CEAB-44C8-A6D1-2CDAFF399751}.Release|Any CPU.ActiveCfg = Release|Any CPU
		{36E2735F-CEAB-44C8-A6D1-2CDAFF399751}.Release|Any CPU.Build.0 = Release|Any CPU
		{C5BB573D-3030-4BCB-88B7-F6A85C32766C}.Debug|Any CPU.ActiveCfg = Debug|Any CPU
		{C5BB573D-3030-4BCB-88B7-F6A85C32766C}.Debug|Any CPU.Build.0 = Debug|Any CPU
		{C5BB573D-3030-4BCB-88B7-F6A85C32766C}.Release|Any CPU.ActiveCfg = Release|Any CPU
		{C5BB573D-3030-4BCB-88B7-F6A85C32766C}.Release|Any CPU.Build.0 = Release|Any CPU
		{527F645C-C1FC-406E-8479-81386C8ECF13}.Debug|Any CPU.ActiveCfg = Debug|Any CPU
		{527F645C-C1FC-406E-8479-81386C8ECF13}.Debug|Any CPU.Build.0 = Debug|Any CPU
		{527F645C-C1FC-406E-8479-81386C8ECF13}.Release|Any CPU.ActiveCfg = Release|Any CPU
		{527F645C-C1FC-406E-8479-81386C8ECF13}.Release|Any CPU.Build.0 = Release|Any CPU
		{D0AD9179-125C-40B2-A8EE-CD4C1EE24BB6}.Debug|Any CPU.ActiveCfg = Debug|Any CPU
		{D0AD9179-125C-40B2-A8EE-CD4C1EE24BB6}.Debug|Any CPU.Build.0 = Debug|Any CPU
		{D0AD9179-125C-40B2-A8EE-CD4C1EE24BB6}.Release|Any CPU.ActiveCfg = Release|Any CPU
		{D0AD9179-125C-40B2-A8EE-CD4C1EE24BB6}.Release|Any CPU.Build.0 = Release|Any CPU
		{E60895E5-79C4-447D-88B7-85CB5BA336A4}.Debug|Any CPU.ActiveCfg = Debug|Any CPU
		{E60895E5-79C4-447D-88B7-85CB5BA336A4}.Debug|Any CPU.Build.0 = Debug|Any CPU
		{E60895E5-79C4-447D-88B7-85CB5BA336A4}.Release|Any CPU.ActiveCfg = Release|Any CPU
		{E60895E5-79C4-447D-88B7-85CB5BA336A4}.Release|Any CPU.Build.0 = Release|Any CPU
		{90CB5DC4-C040-45C7-8900-9688B26405BC}.Debug|Any CPU.ActiveCfg = Debug|Any CPU
		{90CB5DC4-C040-45C7-8900-9688B26405BC}.Debug|Any CPU.Build.0 = Debug|Any CPU
		{90CB5DC4-C040-45C7-8900-9688B26405BC}.Release|Any CPU.ActiveCfg = Release|Any CPU
		{90CB5DC4-C040-45C7-8900-9688B26405BC}.Release|Any CPU.Build.0 = Release|Any CPU
		{3B7B6317-1B85-4164-8E11-75574F80AE17}.Debug|Any CPU.ActiveCfg = Debug|Any CPU
		{3B7B6317-1B85-4164-8E11-75574F80AE17}.Debug|Any CPU.Build.0 = Debug|Any CPU
		{3B7B6317-1B85-4164-8E11-75574F80AE17}.Release|Any CPU.ActiveCfg = Release|Any CPU
		{3B7B6317-1B85-4164-8E11-75574F80AE17}.Release|Any CPU.Build.0 = Release|Any CPU
		{1EDCD6D4-DF3A-4E3B-ABB6-C0D0B373EAB8}.Debug|Any CPU.ActiveCfg = Debug|Any CPU
		{1EDCD6D4-DF3A-4E3B-ABB6-C0D0B373EAB8}.Debug|Any CPU.Build.0 = Debug|Any CPU
		{1EDCD6D4-DF3A-4E3B-ABB6-C0D0B373EAB8}.Release|Any CPU.ActiveCfg = Release|Any CPU
		{1EDCD6D4-DF3A-4E3B-ABB6-C0D0B373EAB8}.Release|Any CPU.Build.0 = Release|Any CPU
		{690203F4-3CD5-4569-88D9-EE831EEA5F5F}.Debug|Any CPU.ActiveCfg = Debug|Any CPU
		{690203F4-3CD5-4569-88D9-EE831EEA5F5F}.Debug|Any CPU.Build.0 = Debug|Any CPU
		{690203F4-3CD5-4569-88D9-EE831EEA5F5F}.Release|Any CPU.ActiveCfg = Release|Any CPU
		{690203F4-3CD5-4569-88D9-EE831EEA5F5F}.Release|Any CPU.Build.0 = Release|Any CPU
		{827FCC18-A22B-4175-82CD-1233F6DEE8FB}.Debug|Any CPU.ActiveCfg = Debug|Any CPU
		{827FCC18-A22B-4175-82CD-1233F6DEE8FB}.Debug|Any CPU.Build.0 = Debug|Any CPU
		{827FCC18-A22B-4175-82CD-1233F6DEE8FB}.Release|Any CPU.ActiveCfg = Release|Any CPU
		{827FCC18-A22B-4175-82CD-1233F6DEE8FB}.Release|Any CPU.Build.0 = Release|Any CPU
		{299BE52E-823F-408E-9C6D-7E2F81BA34FF}.Debug|Any CPU.ActiveCfg = Debug|Any CPU
		{299BE52E-823F-408E-9C6D-7E2F81BA34FF}.Debug|Any CPU.Build.0 = Debug|Any CPU
		{299BE52E-823F-408E-9C6D-7E2F81BA34FF}.Release|Any CPU.ActiveCfg = Release|Any CPU
		{299BE52E-823F-408E-9C6D-7E2F81BA34FF}.Release|Any CPU.Build.0 = Release|Any CPU
		{F0EE5760-262D-456A-AA7C-E84F484A05F6}.Debug|Any CPU.ActiveCfg = Debug|Any CPU
		{F0EE5760-262D-456A-AA7C-E84F484A05F6}.Debug|Any CPU.Build.0 = Debug|Any CPU
		{F0EE5760-262D-456A-AA7C-E84F484A05F6}.Release|Any CPU.ActiveCfg = Release|Any CPU
		{F0EE5760-262D-456A-AA7C-E84F484A05F6}.Release|Any CPU.Build.0 = Release|Any CPU
		{56B747ED-C803-43DA-8910-3F6B698B9665}.Debug|Any CPU.ActiveCfg = Debug|Any CPU
		{56B747ED-C803-43DA-8910-3F6B698B9665}.Debug|Any CPU.Build.0 = Debug|Any CPU
		{56B747ED-C803-43DA-8910-3F6B698B9665}.Release|Any CPU.ActiveCfg = Release|Any CPU
		{56B747ED-C803-43DA-8910-3F6B698B9665}.Release|Any CPU.Build.0 = Release|Any CPU
		{14AEB2C8-A1BB-42C9-B205-9BD45F51130F}.Debug|Any CPU.ActiveCfg = Debug|Any CPU
		{14AEB2C8-A1BB-42C9-B205-9BD45F51130F}.Debug|Any CPU.Build.0 = Debug|Any CPU
		{14AEB2C8-A1BB-42C9-B205-9BD45F51130F}.Release|Any CPU.ActiveCfg = Release|Any CPU
		{14AEB2C8-A1BB-42C9-B205-9BD45F51130F}.Release|Any CPU.Build.0 = Release|Any CPU
		{BEDB2C71-4917-461D-91A2-294B9EE4500B}.Debug|Any CPU.ActiveCfg = Debug|Any CPU
		{BEDB2C71-4917-461D-91A2-294B9EE4500B}.Debug|Any CPU.Build.0 = Debug|Any CPU
		{BEDB2C71-4917-461D-91A2-294B9EE4500B}.Release|Any CPU.ActiveCfg = Release|Any CPU
		{BEDB2C71-4917-461D-91A2-294B9EE4500B}.Release|Any CPU.Build.0 = Release|Any CPU
		{2F5411ED-B745-4D3A-972F-3BA0D7E731A5}.Debug|Any CPU.ActiveCfg = Debug|Any CPU
		{2F5411ED-B745-4D3A-972F-3BA0D7E731A5}.Debug|Any CPU.Build.0 = Debug|Any CPU
		{2F5411ED-B745-4D3A-972F-3BA0D7E731A5}.Release|Any CPU.ActiveCfg = Release|Any CPU
		{2F5411ED-B745-4D3A-972F-3BA0D7E731A5}.Release|Any CPU.Build.0 = Release|Any CPU
		{D1485868-2BF7-4522-8D8F-051892BFF62F}.Debug|Any CPU.ActiveCfg = Debug|Any CPU
		{D1485868-2BF7-4522-8D8F-051892BFF62F}.Debug|Any CPU.Build.0 = Debug|Any CPU
		{D1485868-2BF7-4522-8D8F-051892BFF62F}.Release|Any CPU.ActiveCfg = Release|Any CPU
		{D1485868-2BF7-4522-8D8F-051892BFF62F}.Release|Any CPU.Build.0 = Release|Any CPU
		{2EBFBB6E-A534-4079-873D-614CAA6D7A51}.Debug|Any CPU.ActiveCfg = Debug|Any CPU
		{2EBFBB6E-A534-4079-873D-614CAA6D7A51}.Debug|Any CPU.Build.0 = Debug|Any CPU
		{2EBFBB6E-A534-4079-873D-614CAA6D7A51}.Release|Any CPU.ActiveCfg = Release|Any CPU
		{2EBFBB6E-A534-4079-873D-614CAA6D7A51}.Release|Any CPU.Build.0 = Release|Any CPU
		{FEF93ADB-E2B3-4E90-B9AD-5065877F7890}.Debug|Any CPU.ActiveCfg = Debug|Any CPU
		{FEF93ADB-E2B3-4E90-B9AD-5065877F7890}.Debug|Any CPU.Build.0 = Debug|Any CPU
		{FEF93ADB-E2B3-4E90-B9AD-5065877F7890}.Release|Any CPU.ActiveCfg = Release|Any CPU
		{FEF93ADB-E2B3-4E90-B9AD-5065877F7890}.Release|Any CPU.Build.0 = Release|Any CPU
		{0742B5D2-7A0F-40FD-98CC-AE010E7C67C6}.Debug|Any CPU.ActiveCfg = Debug|Any CPU
		{0742B5D2-7A0F-40FD-98CC-AE010E7C67C6}.Debug|Any CPU.Build.0 = Debug|Any CPU
		{0742B5D2-7A0F-40FD-98CC-AE010E7C67C6}.Release|Any CPU.ActiveCfg = Release|Any CPU
		{0742B5D2-7A0F-40FD-98CC-AE010E7C67C6}.Release|Any CPU.Build.0 = Release|Any CPU
		{6465420D-A613-42EA-8775-24683EF12776}.Debug|Any CPU.ActiveCfg = Debug|Any CPU
		{6465420D-A613-42EA-8775-24683EF12776}.Debug|Any CPU.Build.0 = Debug|Any CPU
		{6465420D-A613-42EA-8775-24683EF12776}.Release|Any CPU.ActiveCfg = Release|Any CPU
		{6465420D-A613-42EA-8775-24683EF12776}.Release|Any CPU.Build.0 = Release|Any CPU
		{CE23A2F0-C5F6-43DC-9E46-32B0552A126C}.Debug|Any CPU.ActiveCfg = Debug|Any CPU
		{CE23A2F0-C5F6-43DC-9E46-32B0552A126C}.Debug|Any CPU.Build.0 = Debug|Any CPU
		{CE23A2F0-C5F6-43DC-9E46-32B0552A126C}.Release|Any CPU.ActiveCfg = Release|Any CPU
		{CE23A2F0-C5F6-43DC-9E46-32B0552A126C}.Release|Any CPU.Build.0 = Release|Any CPU
		{97EFDA92-3D9E-4A84-8D7E-BC8659FF1163}.Debug|Any CPU.ActiveCfg = Debug|Any CPU
		{97EFDA92-3D9E-4A84-8D7E-BC8659FF1163}.Debug|Any CPU.Build.0 = Debug|Any CPU
		{97EFDA92-3D9E-4A84-8D7E-BC8659FF1163}.Release|Any CPU.ActiveCfg = Release|Any CPU
		{97EFDA92-3D9E-4A84-8D7E-BC8659FF1163}.Release|Any CPU.Build.0 = Release|Any CPU
		{5A77268F-70DE-4AB7-926C-EE7C9BE63974}.Debug|Any CPU.ActiveCfg = Debug|Any CPU
		{5A77268F-70DE-4AB7-926C-EE7C9BE63974}.Debug|Any CPU.Build.0 = Debug|Any CPU
		{5A77268F-70DE-4AB7-926C-EE7C9BE63974}.Release|Any CPU.ActiveCfg = Release|Any CPU
		{5A77268F-70DE-4AB7-926C-EE7C9BE63974}.Release|Any CPU.Build.0 = Release|Any CPU
		{2EF9B6C3-475A-4A4F-92BB-27CEE949CDF8}.Debug|Any CPU.ActiveCfg = Debug|Any CPU
		{2EF9B6C3-475A-4A4F-92BB-27CEE949CDF8}.Debug|Any CPU.Build.0 = Debug|Any CPU
		{2EF9B6C3-475A-4A4F-92BB-27CEE949CDF8}.Release|Any CPU.ActiveCfg = Release|Any CPU
		{2EF9B6C3-475A-4A4F-92BB-27CEE949CDF8}.Release|Any CPU.Build.0 = Release|Any CPU
		{FCE3B8D4-EF47-46FB-A18E-1EB06B252CC5}.Debug|Any CPU.ActiveCfg = Debug|Any CPU
		{FCE3B8D4-EF47-46FB-A18E-1EB06B252CC5}.Debug|Any CPU.Build.0 = Debug|Any CPU
		{FCE3B8D4-EF47-46FB-A18E-1EB06B252CC5}.Release|Any CPU.ActiveCfg = Release|Any CPU
		{FCE3B8D4-EF47-46FB-A18E-1EB06B252CC5}.Release|Any CPU.Build.0 = Release|Any CPU
		{A989B35E-3D19-45BB-BB36-9FF3A0123F33}.Debug|Any CPU.ActiveCfg = Debug|Any CPU
		{A989B35E-3D19-45BB-BB36-9FF3A0123F33}.Debug|Any CPU.Build.0 = Debug|Any CPU
		{A989B35E-3D19-45BB-BB36-9FF3A0123F33}.Release|Any CPU.ActiveCfg = Release|Any CPU
		{A989B35E-3D19-45BB-BB36-9FF3A0123F33}.Release|Any CPU.Build.0 = Release|Any CPU
		{5D007267-DDC5-460A-99BD-80468D4121C1}.Debug|Any CPU.ActiveCfg = Debug|Any CPU
		{5D007267-DDC5-460A-99BD-80468D4121C1}.Debug|Any CPU.Build.0 = Debug|Any CPU
		{5D007267-DDC5-460A-99BD-80468D4121C1}.Release|Any CPU.ActiveCfg = Release|Any CPU
		{5D007267-DDC5-460A-99BD-80468D4121C1}.Release|Any CPU.Build.0 = Release|Any CPU
		{AEE00976-7F6D-4448-AAA6-152A634ECA36}.Debug|Any CPU.ActiveCfg = Debug|Any CPU
		{AEE00976-7F6D-4448-AAA6-152A634ECA36}.Debug|Any CPU.Build.0 = Debug|Any CPU
		{AEE00976-7F6D-4448-AAA6-152A634ECA36}.Release|Any CPU.ActiveCfg = Release|Any CPU
		{AEE00976-7F6D-4448-AAA6-152A634ECA36}.Release|Any CPU.Build.0 = Release|Any CPU
		{3499F249-91B4-4194-BFE8-6854FEC8AD91}.Debug|Any CPU.ActiveCfg = Debug|Any CPU
		{3499F249-91B4-4194-BFE8-6854FEC8AD91}.Debug|Any CPU.Build.0 = Debug|Any CPU
		{3499F249-91B4-4194-BFE8-6854FEC8AD91}.Release|Any CPU.ActiveCfg = Release|Any CPU
		{3499F249-91B4-4194-BFE8-6854FEC8AD91}.Release|Any CPU.Build.0 = Release|Any CPU
		{761E7B01-E596-4E71-9DDF-68E19C5CA753}.Debug|Any CPU.ActiveCfg = Debug|Any CPU
		{761E7B01-E596-4E71-9DDF-68E19C5CA753}.Debug|Any CPU.Build.0 = Debug|Any CPU
		{761E7B01-E596-4E71-9DDF-68E19C5CA753}.Release|Any CPU.ActiveCfg = Release|Any CPU
		{761E7B01-E596-4E71-9DDF-68E19C5CA753}.Release|Any CPU.Build.0 = Release|Any CPU
		{83E950E4-88C9-44AC-911B-9C060EA6B257}.Debug|Any CPU.ActiveCfg = Debug|Any CPU
		{83E950E4-88C9-44AC-911B-9C060EA6B257}.Debug|Any CPU.Build.0 = Debug|Any CPU
		{83E950E4-88C9-44AC-911B-9C060EA6B257}.Release|Any CPU.ActiveCfg = Release|Any CPU
		{83E950E4-88C9-44AC-911B-9C060EA6B257}.Release|Any CPU.Build.0 = Release|Any CPU
		{AB5E149F-73E1-455E-A416-EAD8AC42B818}.Debug|Any CPU.ActiveCfg = Debug|Any CPU
		{AB5E149F-73E1-455E-A416-EAD8AC42B818}.Debug|Any CPU.Build.0 = Debug|Any CPU
		{AB5E149F-73E1-455E-A416-EAD8AC42B818}.Release|Any CPU.ActiveCfg = Release|Any CPU
		{AB5E149F-73E1-455E-A416-EAD8AC42B818}.Release|Any CPU.Build.0 = Release|Any CPU
		{AB6D5EAF-68D0-42E0-9C31-138325953CD0}.Debug|Any CPU.ActiveCfg = Debug|Any CPU
		{AB6D5EAF-68D0-42E0-9C31-138325953CD0}.Debug|Any CPU.Build.0 = Debug|Any CPU
		{AB6D5EAF-68D0-42E0-9C31-138325953CD0}.Release|Any CPU.ActiveCfg = Release|Any CPU
		{AB6D5EAF-68D0-42E0-9C31-138325953CD0}.Release|Any CPU.Build.0 = Release|Any CPU
		{A1B1FB10-8F54-46BF-8B1E-B9B190611F3E}.Debug|Any CPU.ActiveCfg = Debug|Any CPU
		{A1B1FB10-8F54-46BF-8B1E-B9B190611F3E}.Debug|Any CPU.Build.0 = Debug|Any CPU
		{A1B1FB10-8F54-46BF-8B1E-B9B190611F3E}.Release|Any CPU.ActiveCfg = Release|Any CPU
		{A1B1FB10-8F54-46BF-8B1E-B9B190611F3E}.Release|Any CPU.Build.0 = Release|Any CPU
		{D792AE62-F197-4F28-AEAF-F94F632F81C5}.Debug|Any CPU.ActiveCfg = Debug|Any CPU
		{D792AE62-F197-4F28-AEAF-F94F632F81C5}.Debug|Any CPU.Build.0 = Debug|Any CPU
		{D792AE62-F197-4F28-AEAF-F94F632F81C5}.Release|Any CPU.ActiveCfg = Release|Any CPU
		{D792AE62-F197-4F28-AEAF-F94F632F81C5}.Release|Any CPU.Build.0 = Release|Any CPU
		{FFDE468D-37DB-49BF-9F59-C1160594F116}.Debug|Any CPU.ActiveCfg = Debug|Any CPU
		{FFDE468D-37DB-49BF-9F59-C1160594F116}.Debug|Any CPU.Build.0 = Debug|Any CPU
		{FFDE468D-37DB-49BF-9F59-C1160594F116}.Release|Any CPU.ActiveCfg = Release|Any CPU
		{FFDE468D-37DB-49BF-9F59-C1160594F116}.Release|Any CPU.Build.0 = Release|Any CPU
		{29B9CC78-4C75-406A-A5CD-79FA892A6C2F}.Debug|Any CPU.ActiveCfg = Debug|Any CPU
		{29B9CC78-4C75-406A-A5CD-79FA892A6C2F}.Debug|Any CPU.Build.0 = Debug|Any CPU
		{29B9CC78-4C75-406A-A5CD-79FA892A6C2F}.Release|Any CPU.ActiveCfg = Release|Any CPU
		{29B9CC78-4C75-406A-A5CD-79FA892A6C2F}.Release|Any CPU.Build.0 = Release|Any CPU
		{4F179D59-F97E-4CEC-B2B7-9E08DE0F49CD}.Debug|Any CPU.ActiveCfg = Debug|Any CPU
		{4F179D59-F97E-4CEC-B2B7-9E08DE0F49CD}.Debug|Any CPU.Build.0 = Debug|Any CPU
		{4F179D59-F97E-4CEC-B2B7-9E08DE0F49CD}.Release|Any CPU.ActiveCfg = Release|Any CPU
		{4F179D59-F97E-4CEC-B2B7-9E08DE0F49CD}.Release|Any CPU.Build.0 = Release|Any CPU
		{C5CC9293-1B19-4696-BE44-66B24AA31F86}.Debug|Any CPU.ActiveCfg = Debug|Any CPU
		{C5CC9293-1B19-4696-BE44-66B24AA31F86}.Debug|Any CPU.Build.0 = Debug|Any CPU
		{C5CC9293-1B19-4696-BE44-66B24AA31F86}.Release|Any CPU.ActiveCfg = Release|Any CPU
		{C5CC9293-1B19-4696-BE44-66B24AA31F86}.Release|Any CPU.Build.0 = Release|Any CPU
		{298099FD-8626-4FFD-9E5F-C0BE4F882B8B}.Debug|Any CPU.ActiveCfg = Debug|Any CPU
		{298099FD-8626-4FFD-9E5F-C0BE4F882B8B}.Debug|Any CPU.Build.0 = Debug|Any CPU
		{298099FD-8626-4FFD-9E5F-C0BE4F882B8B}.Release|Any CPU.ActiveCfg = Release|Any CPU
		{298099FD-8626-4FFD-9E5F-C0BE4F882B8B}.Release|Any CPU.Build.0 = Release|Any CPU
		{3F3FF577-C32C-4482-B17F-F9631AFB939B}.Debug|Any CPU.ActiveCfg = Debug|Any CPU
		{3F3FF577-C32C-4482-B17F-F9631AFB939B}.Debug|Any CPU.Build.0 = Debug|Any CPU
		{3F3FF577-C32C-4482-B17F-F9631AFB939B}.Release|Any CPU.ActiveCfg = Release|Any CPU
		{3F3FF577-C32C-4482-B17F-F9631AFB939B}.Release|Any CPU.Build.0 = Release|Any CPU
		{20259370-748B-47EE-938B-32D2D09427A0}.Debug|Any CPU.ActiveCfg = Debug|Any CPU
		{20259370-748B-47EE-938B-32D2D09427A0}.Debug|Any CPU.Build.0 = Debug|Any CPU
		{20259370-748B-47EE-938B-32D2D09427A0}.Release|Any CPU.ActiveCfg = Release|Any CPU
		{20259370-748B-47EE-938B-32D2D09427A0}.Release|Any CPU.Build.0 = Release|Any CPU
		{6950860A-FF31-4DF0-B6D2-F7717819C998}.Debug|Any CPU.ActiveCfg = Debug|Any CPU
		{6950860A-FF31-4DF0-B6D2-F7717819C998}.Debug|Any CPU.Build.0 = Debug|Any CPU
		{6950860A-FF31-4DF0-B6D2-F7717819C998}.Release|Any CPU.ActiveCfg = Release|Any CPU
		{6950860A-FF31-4DF0-B6D2-F7717819C998}.Release|Any CPU.Build.0 = Release|Any CPU
		{B2E9391C-01AE-4E6F-B404-CE848BF43706}.Debug|Any CPU.ActiveCfg = Debug|Any CPU
		{B2E9391C-01AE-4E6F-B404-CE848BF43706}.Debug|Any CPU.Build.0 = Debug|Any CPU
		{B2E9391C-01AE-4E6F-B404-CE848BF43706}.Release|Any CPU.ActiveCfg = Release|Any CPU
		{B2E9391C-01AE-4E6F-B404-CE848BF43706}.Release|Any CPU.Build.0 = Release|Any CPU
		{F4EEC547-AE28-4D89-91AC-E36545338CF4}.Debug|Any CPU.ActiveCfg = Debug|Any CPU
		{F4EEC547-AE28-4D89-91AC-E36545338CF4}.Debug|Any CPU.Build.0 = Debug|Any CPU
		{F4EEC547-AE28-4D89-91AC-E36545338CF4}.Release|Any CPU.ActiveCfg = Release|Any CPU
		{F4EEC547-AE28-4D89-91AC-E36545338CF4}.Release|Any CPU.Build.0 = Release|Any CPU
		{29F84A4A-6315-41C6-9081-FF00BA38115C}.Debug|Any CPU.ActiveCfg = Debug|Any CPU
		{29F84A4A-6315-41C6-9081-FF00BA38115C}.Debug|Any CPU.Build.0 = Debug|Any CPU
		{29F84A4A-6315-41C6-9081-FF00BA38115C}.Release|Any CPU.ActiveCfg = Release|Any CPU
		{29F84A4A-6315-41C6-9081-FF00BA38115C}.Release|Any CPU.Build.0 = Release|Any CPU
		{0A60866B-A96F-48A8-BFA5-43BAE1ED4DAB}.Debug|Any CPU.ActiveCfg = Debug|Any CPU
		{0A60866B-A96F-48A8-BFA5-43BAE1ED4DAB}.Debug|Any CPU.Build.0 = Debug|Any CPU
		{0A60866B-A96F-48A8-BFA5-43BAE1ED4DAB}.Release|Any CPU.ActiveCfg = Release|Any CPU
		{0A60866B-A96F-48A8-BFA5-43BAE1ED4DAB}.Release|Any CPU.Build.0 = Release|Any CPU
		{D4CC42AE-C84D-4F29-A5E9-5DDA0992B523}.Debug|Any CPU.ActiveCfg = Debug|Any CPU
		{D4CC42AE-C84D-4F29-A5E9-5DDA0992B523}.Debug|Any CPU.Build.0 = Debug|Any CPU
		{D4CC42AE-C84D-4F29-A5E9-5DDA0992B523}.Release|Any CPU.ActiveCfg = Release|Any CPU
		{D4CC42AE-C84D-4F29-A5E9-5DDA0992B523}.Release|Any CPU.Build.0 = Release|Any CPU
		{95032791-76EA-4782-B37A-03612EEFA785}.Debug|Any CPU.ActiveCfg = Debug|Any CPU
		{95032791-76EA-4782-B37A-03612EEFA785}.Debug|Any CPU.Build.0 = Debug|Any CPU
		{95032791-76EA-4782-B37A-03612EEFA785}.Release|Any CPU.ActiveCfg = Release|Any CPU
		{95032791-76EA-4782-B37A-03612EEFA785}.Release|Any CPU.Build.0 = Release|Any CPU
		{52B3370A-1D33-4742-BFD9-234612EBCF40}.Debug|Any CPU.ActiveCfg = Debug|Any CPU
		{52B3370A-1D33-4742-BFD9-234612EBCF40}.Debug|Any CPU.Build.0 = Debug|Any CPU
		{52B3370A-1D33-4742-BFD9-234612EBCF40}.Release|Any CPU.ActiveCfg = Release|Any CPU
		{52B3370A-1D33-4742-BFD9-234612EBCF40}.Release|Any CPU.Build.0 = Release|Any CPU
		{F17F3691-E969-47F2-8A7F-7E8866C02716}.Debug|Any CPU.ActiveCfg = Debug|Any CPU
		{F17F3691-E969-47F2-8A7F-7E8866C02716}.Debug|Any CPU.Build.0 = Debug|Any CPU
		{F17F3691-E969-47F2-8A7F-7E8866C02716}.Release|Any CPU.ActiveCfg = Release|Any CPU
		{F17F3691-E969-47F2-8A7F-7E8866C02716}.Release|Any CPU.Build.0 = Release|Any CPU
		{10413C5C-E148-46F4-ACAD-DEE8C903BB35}.Debug|Any CPU.ActiveCfg = Debug|Any CPU
		{10413C5C-E148-46F4-ACAD-DEE8C903BB35}.Debug|Any CPU.Build.0 = Debug|Any CPU
		{10413C5C-E148-46F4-ACAD-DEE8C903BB35}.Release|Any CPU.ActiveCfg = Release|Any CPU
		{10413C5C-E148-46F4-ACAD-DEE8C903BB35}.Release|Any CPU.Build.0 = Release|Any CPU
		{D1C1BD91-17CF-4843-943C-3D6B5F2B9D5A}.Debug|Any CPU.ActiveCfg = Debug|Any CPU
		{D1C1BD91-17CF-4843-943C-3D6B5F2B9D5A}.Debug|Any CPU.Build.0 = Debug|Any CPU
		{D1C1BD91-17CF-4843-943C-3D6B5F2B9D5A}.Release|Any CPU.ActiveCfg = Release|Any CPU
		{D1C1BD91-17CF-4843-943C-3D6B5F2B9D5A}.Release|Any CPU.Build.0 = Release|Any CPU
	EndGlobalSection
	GlobalSection(SolutionProperties) = preSolution
		HideSolutionNode = FALSE
	EndGlobalSection
	GlobalSection(NestedProjects) = preSolution
		{D64C1577-4929-4B60-939E-96DE1534891A} = {649A3FFA-182F-4E56-9717-E6A9A2BEC545}
		{F2840BC7-0188-4606-9126-DADD0F5ABF7A} = {649A3FFA-182F-4E56-9717-E6A9A2BEC545}
		{BD65D04F-08D5-40C1-8C24-77CA0BACB877} = {649A3FFA-182F-4E56-9717-E6A9A2BEC545}
		{78040F9E-3501-4A40-82DF-00A597710F35} = {649A3FFA-182F-4E56-9717-E6A9A2BEC545}
		{0CE86223-D31D-4315-A1F5-87BA3EE1B844} = {649A3FFA-182F-4E56-9717-E6A9A2BEC545}
		{F1C58097-4C08-4D88-8976-6B3389391481} = {649A3FFA-182F-4E56-9717-E6A9A2BEC545}
		{077AA5F8-8B61-420C-A6B5-0150A66FDB34} = {649A3FFA-182F-4E56-9717-E6A9A2BEC545}
		{36E2735F-CEAB-44C8-A6D1-2CDAFF399751} = {649A3FFA-182F-4E56-9717-E6A9A2BEC545}
		{C5BB573D-3030-4BCB-88B7-F6A85C32766C} = {CCD2960C-23CC-4AB4-B84D-60C7AAA52F4D}
		{527F645C-C1FC-406E-8479-81386C8ECF13} = {CCD2960C-23CC-4AB4-B84D-60C7AAA52F4D}
		{D0AD9179-125C-40B2-A8EE-CD4C1EE24BB6} = {CCD2960C-23CC-4AB4-B84D-60C7AAA52F4D}
		{E60895E5-79C4-447D-88B7-85CB5BA336A4} = {CCD2960C-23CC-4AB4-B84D-60C7AAA52F4D}
		{90CB5DC4-C040-45C7-8900-9688B26405BC} = {CCD2960C-23CC-4AB4-B84D-60C7AAA52F4D}
		{3B7B6317-1B85-4164-8E11-75574F80AE17} = {649A3FFA-182F-4E56-9717-E6A9A2BEC545}
		{1EDCD6D4-DF3A-4E3B-ABB6-C0D0B373EAB8} = {CCD2960C-23CC-4AB4-B84D-60C7AAA52F4D}
		{690203F4-3CD5-4569-88D9-EE831EEA5F5F} = {12B5B75E-0406-4A9B-9890-888A93AD07F5}
		{827FCC18-A22B-4175-82CD-1233F6DEE8FB} = {649A3FFA-182F-4E56-9717-E6A9A2BEC545}
		{299BE52E-823F-408E-9C6D-7E2F81BA34FF} = {649A3FFA-182F-4E56-9717-E6A9A2BEC545}
		{F0EE5760-262D-456A-AA7C-E84F484A05F6} = {649A3FFA-182F-4E56-9717-E6A9A2BEC545}
		{0A9A9D00-E06C-4F17-9E56-CB16B7D74FF0} = {4BE5A4A2-450F-4D45-9521-78D4FFAF5F2A}
		{56B747ED-C803-43DA-8910-3F6B698B9665} = {0A9A9D00-E06C-4F17-9E56-CB16B7D74FF0}
		{14AEB2C8-A1BB-42C9-B205-9BD45F51130F} = {0A9A9D00-E06C-4F17-9E56-CB16B7D74FF0}
		{BEDB2C71-4917-461D-91A2-294B9EE4500B} = {0A9A9D00-E06C-4F17-9E56-CB16B7D74FF0}
		{2F5411ED-B745-4D3A-972F-3BA0D7E731A5} = {0A9A9D00-E06C-4F17-9E56-CB16B7D74FF0}
		{D1485868-2BF7-4522-8D8F-051892BFF62F} = {0A9A9D00-E06C-4F17-9E56-CB16B7D74FF0}
		{2EBFBB6E-A534-4079-873D-614CAA6D7A51} = {0A9A9D00-E06C-4F17-9E56-CB16B7D74FF0}
		{FEF93ADB-E2B3-4E90-B9AD-5065877F7890} = {0A9A9D00-E06C-4F17-9E56-CB16B7D74FF0}
		{0742B5D2-7A0F-40FD-98CC-AE010E7C67C6} = {0A9A9D00-E06C-4F17-9E56-CB16B7D74FF0}
		{6465420D-A613-42EA-8775-24683EF12776} = {0A9A9D00-E06C-4F17-9E56-CB16B7D74FF0}
		{CE23A2F0-C5F6-43DC-9E46-32B0552A126C} = {F1B143D9-F96C-4CA5-BF5A-3BE559EA7091}
		{84242A3C-A425-4F3B-B7F9-F72A831749C4} = {4BE5A4A2-450F-4D45-9521-78D4FFAF5F2A}
		{97EFDA92-3D9E-4A84-8D7E-BC8659FF1163} = {84242A3C-A425-4F3B-B7F9-F72A831749C4}
		{5A77268F-70DE-4AB7-926C-EE7C9BE63974} = {84242A3C-A425-4F3B-B7F9-F72A831749C4}
		{2EF9B6C3-475A-4A4F-92BB-27CEE949CDF8} = {84242A3C-A425-4F3B-B7F9-F72A831749C4}
		{FCE3B8D4-EF47-46FB-A18E-1EB06B252CC5} = {84242A3C-A425-4F3B-B7F9-F72A831749C4}
		{A989B35E-3D19-45BB-BB36-9FF3A0123F33} = {84242A3C-A425-4F3B-B7F9-F72A831749C4}
		{5D007267-DDC5-460A-99BD-80468D4121C1} = {84242A3C-A425-4F3B-B7F9-F72A831749C4}
		{AEE00976-7F6D-4448-AAA6-152A634ECA36} = {84242A3C-A425-4F3B-B7F9-F72A831749C4}
		{3499F249-91B4-4194-BFE8-6854FEC8AD91} = {84242A3C-A425-4F3B-B7F9-F72A831749C4}
		{761E7B01-E596-4E71-9DDF-68E19C5CA753} = {84242A3C-A425-4F3B-B7F9-F72A831749C4}
		{83E950E4-88C9-44AC-911B-9C060EA6B257} = {84242A3C-A425-4F3B-B7F9-F72A831749C4}
		{A9D86614-9713-422B-91DC-58B4749DF68E} = {4BE5A4A2-450F-4D45-9521-78D4FFAF5F2A}
		{509D7E0A-608C-48E2-A632-38717DFE8F3A} = {E400416D-2895-4512-9D17-90681EEC7E0A}
		{AB5E149F-73E1-455E-A416-EAD8AC42B818} = {509D7E0A-608C-48E2-A632-38717DFE8F3A}
		{AB6D5EAF-68D0-42E0-9C31-138325953CD0} = {509D7E0A-608C-48E2-A632-38717DFE8F3A}
		{A1B1FB10-8F54-46BF-8B1E-B9B190611F3E} = {A9D86614-9713-422B-91DC-58B4749DF68E}
		{D792AE62-F197-4F28-AEAF-F94F632F81C5} = {A9D86614-9713-422B-91DC-58B4749DF68E}
		{FFDE468D-37DB-49BF-9F59-C1160594F116} = {A9D86614-9713-422B-91DC-58B4749DF68E}
		{29B9CC78-4C75-406A-A5CD-79FA892A6C2F} = {A9D86614-9713-422B-91DC-58B4749DF68E}
		{4F179D59-F97E-4CEC-B2B7-9E08DE0F49CD} = {A9D86614-9713-422B-91DC-58B4749DF68E}
		{C5CC9293-1B19-4696-BE44-66B24AA31F86} = {A9D86614-9713-422B-91DC-58B4749DF68E}
		{298099FD-8626-4FFD-9E5F-C0BE4F882B8B} = {A9D86614-9713-422B-91DC-58B4749DF68E}
		{3F3FF577-C32C-4482-B17F-F9631AFB939B} = {A9D86614-9713-422B-91DC-58B4749DF68E}
		{D3A5D804-A7FC-4DC9-AB80-6E2B58316E3A} = {E400416D-2895-4512-9D17-90681EEC7E0A}
		{20259370-748B-47EE-938B-32D2D09427A0} = {D3A5D804-A7FC-4DC9-AB80-6E2B58316E3A}
		{6950860A-FF31-4DF0-B6D2-F7717819C998} = {D3A5D804-A7FC-4DC9-AB80-6E2B58316E3A}
		{70E9C231-0222-472E-B2BA-27B6F68E8AC9} = {E400416D-2895-4512-9D17-90681EEC7E0A}
		{B2E9391C-01AE-4E6F-B404-CE848BF43706} = {70E9C231-0222-472E-B2BA-27B6F68E8AC9}
		{F4EEC547-AE28-4D89-91AC-E36545338CF4} = {FB5D5017-75C5-490D-8AAD-8E067A1A90EA}
		{0FBF7B7A-4A9B-4438-A68B-9E9D84342F1E} = {E400416D-2895-4512-9D17-90681EEC7E0A}
		{29F84A4A-6315-41C6-9081-FF00BA38115C} = {0FBF7B7A-4A9B-4438-A68B-9E9D84342F1E}
		{0A60866B-A96F-48A8-BFA5-43BAE1ED4DAB} = {12B5B75E-0406-4A9B-9890-888A93AD07F5}
		{F62093D6-E397-4543-8D0D-260D1FBD1502} = {E400416D-2895-4512-9D17-90681EEC7E0A}
		{D4CC42AE-C84D-4F29-A5E9-5DDA0992B523} = {F62093D6-E397-4543-8D0D-260D1FBD1502}
		{95032791-76EA-4782-B37A-03612EEFA785} = {12B5B75E-0406-4A9B-9890-888A93AD07F5}
		{52B3370A-1D33-4742-BFD9-234612EBCF40} = {FB5D5017-75C5-490D-8AAD-8E067A1A90EA}
		{F17F3691-E969-47F2-8A7F-7E8866C02716} = {6428E0D8-C1AF-4C83-811E-483E35197A07}
		{10413C5C-E148-46F4-ACAD-DEE8C903BB35} = {6428E0D8-C1AF-4C83-811E-483E35197A07}
		{D1C1BD91-17CF-4843-943C-3D6B5F2B9D5A} = {6428E0D8-C1AF-4C83-811E-483E35197A07}
	EndGlobalSection
	GlobalSection(ExtensibilityGlobals) = postSolution
		SolutionGuid = {4324B3B4-B60B-4E3C-91D8-59576B4E26DD}
	EndGlobalSection
EndGlobal
